
Microsoft Visual Studio Solution File, Format Version 12.00
# Visual Studio Version 17
VisualStudioVersion = 17.9.34723.18
MinimumVisualStudioVersion = 10.0.40219.1
Project("{9A19103F-16F7-4668-BE54-9A1E7A4F7556}") = "ProjectAuthorization", "ProjectAuthorization.csproj", "{4930C363-94E3-43F4-A4B4-F932E28040BD}"
EndProject
Project("{9A19103F-16F7-4668-BE54-9A1E7A4F7556}") = "Authorization.Infrastructure.Database", "..\Authorization.Infrastructure.Database\Authorization.Infrastructure.Database.csproj", "{A8C2ADB9-D07A-47A9-9DE0-A2AFADE8475D}"
EndProject
Project("{9A19103F-16F7-4668-BE54-9A1E7A4F7556}") = "Authorization.Infrastructure.Api", "..\Authorization.Infrastructure.Api\Authorization.Infrastructure.Api.csproj", "{1844E96D-8B8A-431D-9733-A9B568E56608}"
EndProject
Project("{9A19103F-16F7-4668-BE54-9A1E7A4F7556}") = "Authorization.Application", "..\Authorization.Application\Authorization.Application.csproj", "{5E557161-FEBA-4CE3-9B94-A6AB8A934ACC}"
EndProject
Project("{FAE04EC0-301F-11D3-BF4B-00C04F79EFBC}") = "Authorization.YooKassa", "..\Authorization.YooKassa\Authorization.YooKassa.csproj", "{EBAF302B-6BE3-4F6A-A5AE-7CF9CC5288A5}"
EndProject
Global
	GlobalSection(SolutionConfigurationPlatforms) = preSolution
		Debug|Any CPU = Debug|Any CPU
		Debug|ARM = Debug|ARM
		Debug|ARM64 = Debug|ARM64
		Debug|x64 = Debug|x64
		Debug|x86 = Debug|x86
		Release|Any CPU = Release|Any CPU
		Release|ARM = Release|ARM
		Release|ARM64 = Release|ARM64
		Release|x64 = Release|x64
		Release|x86 = Release|x86
	EndGlobalSection
	GlobalSection(ProjectConfigurationPlatforms) = postSolution
		{4930C363-94E3-43F4-A4B4-F932E28040BD}.Debug|Any CPU.ActiveCfg = Debug|Any CPU
		{4930C363-94E3-43F4-A4B4-F932E28040BD}.Debug|Any CPU.Build.0 = Debug|Any CPU
		{4930C363-94E3-43F4-A4B4-F932E28040BD}.Debug|ARM.ActiveCfg = Debug|Any CPU
		{4930C363-94E3-43F4-A4B4-F932E28040BD}.Debug|ARM.Build.0 = Debug|Any CPU
		{4930C363-94E3-43F4-A4B4-F932E28040BD}.Debug|ARM64.ActiveCfg = Debug|Any CPU
		{4930C363-94E3-43F4-A4B4-F932E28040BD}.Debug|ARM64.Build.0 = Debug|Any CPU
		{4930C363-94E3-43F4-A4B4-F932E28040BD}.Debug|x64.ActiveCfg = Debug|Any CPU
		{4930C363-94E3-43F4-A4B4-F932E28040BD}.Debug|x64.Build.0 = Debug|Any CPU
		{4930C363-94E3-43F4-A4B4-F932E28040BD}.Debug|x86.ActiveCfg = Debug|Any CPU
		{4930C363-94E3-43F4-A4B4-F932E28040BD}.Debug|x86.Build.0 = Debug|Any CPU
		{4930C363-94E3-43F4-A4B4-F932E28040BD}.Release|Any CPU.ActiveCfg = Release|Any CPU
		{4930C363-94E3-43F4-A4B4-F932E28040BD}.Release|Any CPU.Build.0 = Release|Any CPU
		{4930C363-94E3-43F4-A4B4-F932E28040BD}.Release|ARM.ActiveCfg = Release|Any CPU
		{4930C363-94E3-43F4-A4B4-F932E28040BD}.Release|ARM.Build.0 = Release|Any CPU
		{4930C363-94E3-43F4-A4B4-F932E28040BD}.Release|ARM64.ActiveCfg = Release|Any CPU
		{4930C363-94E3-43F4-A4B4-F932E28040BD}.Release|ARM64.Build.0 = Release|Any CPU
		{4930C363-94E3-43F4-A4B4-F932E28040BD}.Release|x64.ActiveCfg = Release|Any CPU
		{4930C363-94E3-43F4-A4B4-F932E28040BD}.Release|x64.Build.0 = Release|Any CPU
		{4930C363-94E3-43F4-A4B4-F932E28040BD}.Release|x86.ActiveCfg = Release|Any CPU
		{4930C363-94E3-43F4-A4B4-F932E28040BD}.Release|x86.Build.0 = Release|Any CPU
		{A8C2ADB9-D07A-47A9-9DE0-A2AFADE8475D}.Debug|Any CPU.ActiveCfg = Debug|Any CPU
		{A8C2ADB9-D07A-47A9-9DE0-A2AFADE8475D}.Debug|Any CPU.Build.0 = Debug|Any CPU
		{A8C2ADB9-D07A-47A9-9DE0-A2AFADE8475D}.Debug|ARM.ActiveCfg = Debug|Any CPU
		{A8C2ADB9-D07A-47A9-9DE0-A2AFADE8475D}.Debug|ARM.Build.0 = Debug|Any CPU
		{A8C2ADB9-D07A-47A9-9DE0-A2AFADE8475D}.Debug|ARM64.ActiveCfg = Debug|Any CPU
		{A8C2ADB9-D07A-47A9-9DE0-A2AFADE8475D}.Debug|ARM64.Build.0 = Debug|Any CPU
		{A8C2ADB9-D07A-47A9-9DE0-A2AFADE8475D}.Debug|x64.ActiveCfg = Debug|Any CPU
		{A8C2ADB9-D07A-47A9-9DE0-A2AFADE8475D}.Debug|x64.Build.0 = Debug|Any CPU
		{A8C2ADB9-D07A-47A9-9DE0-A2AFADE8475D}.Debug|x86.ActiveCfg = Debug|Any CPU
		{A8C2ADB9-D07A-47A9-9DE0-A2AFADE8475D}.Debug|x86.Build.0 = Debug|Any CPU
		{A8C2ADB9-D07A-47A9-9DE0-A2AFADE8475D}.Release|Any CPU.ActiveCfg = Release|Any CPU
		{A8C2ADB9-D07A-47A9-9DE0-A2AFADE8475D}.Release|Any CPU.Build.0 = Release|Any CPU
		{A8C2ADB9-D07A-47A9-9DE0-A2AFADE8475D}.Release|ARM.ActiveCfg = Release|Any CPU
		{A8C2ADB9-D07A-47A9-9DE0-A2AFADE8475D}.Release|ARM.Build.0 = Release|Any CPU
		{A8C2ADB9-D07A-47A9-9DE0-A2AFADE8475D}.Release|ARM64.ActiveCfg = Release|Any CPU
		{A8C2ADB9-D07A-47A9-9DE0-A2AFADE8475D}.Release|ARM64.Build.0 = Release|Any CPU
		{A8C2ADB9-D07A-47A9-9DE0-A2AFADE8475D}.Release|x64.ActiveCfg = Release|Any CPU
		{A8C2ADB9-D07A-47A9-9DE0-A2AFADE8475D}.Release|x64.Build.0 = Release|Any CPU
		{A8C2ADB9-D07A-47A9-9DE0-A2AFADE8475D}.Release|x86.ActiveCfg = Release|Any CPU
		{A8C2ADB9-D07A-47A9-9DE0-A2AFADE8475D}.Release|x86.Build.0 = Release|Any CPU
		{1844E96D-8B8A-431D-9733-A9B568E56608}.Debug|Any CPU.ActiveCfg = Debug|Any CPU
		{1844E96D-8B8A-431D-9733-A9B568E56608}.Debug|Any CPU.Build.0 = Debug|Any CPU
		{1844E96D-8B8A-431D-9733-A9B568E56608}.Debug|ARM.ActiveCfg = Debug|Any CPU
		{1844E96D-8B8A-431D-9733-A9B568E56608}.Debug|ARM.Build.0 = Debug|Any CPU
		{1844E96D-8B8A-431D-9733-A9B568E56608}.Debug|ARM64.ActiveCfg = Debug|Any CPU
		{1844E96D-8B8A-431D-9733-A9B568E56608}.Debug|ARM64.Build.0 = Debug|Any CPU
		{1844E96D-8B8A-431D-9733-A9B568E56608}.Debug|x64.ActiveCfg = Debug|Any CPU
		{1844E96D-8B8A-431D-9733-A9B568E56608}.Debug|x64.Build.0 = Debug|Any CPU
		{1844E96D-8B8A-431D-9733-A9B568E56608}.Debug|x86.ActiveCfg = Debug|Any CPU
		{1844E96D-8B8A-431D-9733-A9B568E56608}.Debug|x86.Build.0 = Debug|Any CPU
		{1844E96D-8B8A-431D-9733-A9B568E56608}.Release|Any CPU.ActiveCfg = Release|Any CPU
		{1844E96D-8B8A-431D-9733-A9B568E56608}.Release|Any CPU.Build.0 = Release|Any CPU
		{1844E96D-8B8A-431D-9733-A9B568E56608}.Release|ARM.ActiveCfg = Release|Any CPU
		{1844E96D-8B8A-431D-9733-A9B568E56608}.Release|ARM.Build.0 = Release|Any CPU
		{1844E96D-8B8A-431D-9733-A9B568E56608}.Release|ARM64.ActiveCfg = Release|Any CPU
		{1844E96D-8B8A-431D-9733-A9B568E56608}.Release|ARM64.Build.0 = Release|Any CPU
		{1844E96D-8B8A-431D-9733-A9B568E56608}.Release|x64.ActiveCfg = Release|Any CPU
		{1844E96D-8B8A-431D-9733-A9B568E56608}.Release|x64.Build.0 = Release|Any CPU
		{1844E96D-8B8A-431D-9733-A9B568E56608}.Release|x86.ActiveCfg = Release|Any CPU
		{1844E96D-8B8A-431D-9733-A9B568E56608}.Release|x86.Build.0 = Release|Any CPU
		{5E557161-FEBA-4CE3-9B94-A6AB8A934ACC}.Debug|Any CPU.ActiveCfg = Debug|Any CPU
		{5E557161-FEBA-4CE3-9B94-A6AB8A934ACC}.Debug|Any CPU.Build.0 = Debug|Any CPU
		{5E557161-FEBA-4CE3-9B94-A6AB8A934ACC}.Debug|ARM.ActiveCfg = Debug|Any CPU
		{5E557161-FEBA-4CE3-9B94-A6AB8A934ACC}.Debug|ARM.Build.0 = Debug|Any CPU
		{5E557161-FEBA-4CE3-9B94-A6AB8A934ACC}.Debug|ARM64.ActiveCfg = Debug|Any CPU
		{5E557161-FEBA-4CE3-9B94-A6AB8A934ACC}.Debug|ARM64.Build.0 = Debug|Any CPU
		{5E557161-FEBA-4CE3-9B94-A6AB8A934ACC}.Debug|x64.ActiveCfg = Debug|Any CPU
		{5E557161-FEBA-4CE3-9B94-A6AB8A934ACC}.Debug|x64.Build.0 = Debug|Any CPU
		{5E557161-FEBA-4CE3-9B94-A6AB8A934ACC}.Debug|x86.ActiveCfg = Debug|Any CPU
		{5E557161-FEBA-4CE3-9B94-A6AB8A934ACC}.Debug|x86.Build.0 = Debug|Any CPU
		{5E557161-FEBA-4CE3-9B94-A6AB8A934ACC}.Release|Any CPU.ActiveCfg = Release|Any CPU
		{5E557161-FEBA-4CE3-9B94-A6AB8A934ACC}.Release|Any CPU.Build.0 = Release|Any CPU
		{5E557161-FEBA-4CE3-9B94-A6AB8A934ACC}.Release|ARM.ActiveCfg = Release|Any CPU
		{5E557161-FEBA-4CE3-9B94-A6AB8A934ACC}.Release|ARM.Build.0 = Release|Any CPU
		{5E557161-FEBA-4CE3-9B94-A6AB8A934ACC}.Release|ARM64.ActiveCfg = Release|Any CPU
		{5E557161-FEBA-4CE3-9B94-A6AB8A934ACC}.Release|ARM64.Build.0 = Release|Any CPU
		{5E557161-FEBA-4CE3-9B94-A6AB8A934ACC}.Release|x64.ActiveCfg = Release|Any CPU
		{5E557161-FEBA-4CE3-9B94-A6AB8A934ACC}.Release|x64.Build.0 = Release|Any CPU
		{5E557161-FEBA-4CE3-9B94-A6AB8A934ACC}.Release|x86.ActiveCfg = Release|Any CPU
		{5E557161-FEBA-4CE3-9B94-A6AB8A934ACC}.Release|x86.Build.0 = Release|Any CPU
		{EBAF302B-6BE3-4F6A-A5AE-7CF9CC5288A5}.Debug|Any CPU.ActiveCfg = Debug|Any CPU
		{EBAF302B-6BE3-4F6A-A5AE-7CF9CC5288A5}.Debug|Any CPU.Build.0 = Debug|Any CPU
		{EBAF302B-6BE3-4F6A-A5AE-7CF9CC5288A5}.Debug|ARM.ActiveCfg = Debug|Any CPU
		{EBAF302B-6BE3-4F6A-A5AE-7CF9CC5288A5}.Debug|ARM.Build.0 = Debug|Any CPU
		{EBAF302B-6BE3-4F6A-A5AE-7CF9CC5288A5}.Debug|ARM64.ActiveCfg = Debug|Any CPU
		{EBAF302B-6BE3-4F6A-A5AE-7CF9CC5288A5}.Debug|ARM64.Build.0 = Debug|Any CPU
		{EBAF302B-6BE3-4F6A-A5AE-7CF9CC5288A5}.Debug|x64.ActiveCfg = Debug|Any CPU
		{EBAF302B-6BE3-4F6A-A5AE-7CF9CC5288A5}.Debug|x64.Build.0 = Debug|Any CPU
		{EBAF302B-6BE3-4F6A-A5AE-7CF9CC5288A5}.Debug|x86.ActiveCfg = Debug|Any CPU
		{EBAF302B-6BE3-4F6A-A5AE-7CF9CC5288A5}.Debug|x86.Build.0 = Debug|Any CPU
		{EBAF302B-6BE3-4F6A-A5AE-7CF9CC5288A5}.Release|Any CPU.ActiveCfg = Release|Any CPU
		{EBAF302B-6BE3-4F6A-A5AE-7CF9CC5288A5}.Release|Any CPU.Build.0 = Release|Any CPU
		{EBAF302B-6BE3-4F6A-A5AE-7CF9CC5288A5}.Release|ARM.ActiveCfg = Release|Any CPU
		{EBAF302B-6BE3-4F6A-A5AE-7CF9CC5288A5}.Release|ARM.Build.0 = Release|Any CPU
		{EBAF302B-6BE3-4F6A-A5AE-7CF9CC5288A5}.Release|ARM64.ActiveCfg = Release|Any CPU
		{EBAF302B-6BE3-4F6A-A5AE-7CF9CC5288A5}.Release|ARM64.Build.0 = Release|Any CPU
		{EBAF302B-6BE3-4F6A-A5AE-7CF9CC5288A5}.Release|x64.ActiveCfg = Release|Any CPU
		{EBAF302B-6BE3-4F6A-A5AE-7CF9CC5288A5}.Release|x64.Build.0 = Release|Any CPU
		{EBAF302B-6BE3-4F6A-A5AE-7CF9CC5288A5}.Release|x86.ActiveCfg = Release|Any CPU
		{EBAF302B-6BE3-4F6A-A5AE-7CF9CC5288A5}.Release|x86.Build.0 = Release|Any CPU
	EndGlobalSection
	GlobalSection(SolutionProperties) = preSolution
		HideSolutionNode = FALSE
	EndGlobalSection
	GlobalSection(ExtensibilityGlobals) = postSolution
		SolutionGuid = {8FE82E8E-C4B5-42D0-B524-5EC06FC5A5FE}
	EndGlobalSection
EndGlobal
